{
  "version": "5",
  "specifiers": {
    "jsr:@std/cli@^1.0.24": "1.0.24"
  },
  "jsr": {
    "@std/cli@1.0.24": {
      "integrity": "b655a5beb26aa94f98add6bc8889f5fb9bc3ee2cc3fc954e151201f4c4200a5e"
    }
  },
  "workspace": {
    "dependencies": [
      "jsr:@std/assert@1",
      "jsr:@std/cli@^1.0.24",
      "jsr:@std/expect@1"
    ]
  }
}
